{
  "name": "client",
  "version": "0.1.0",
  "lockfileVersion": 1,
  "requires": true,
  "dependencies": {
    "axios": {
      "version": "0.21.1",
      "resolved": "https://registry.npmjs.org/axios/-/axios-0.21.1.tgz",
      "integrity": "sha512-dKQiRHxGD9PPRIUNIWvZhPTPpl1rf/OxTYKsqKUDjBwYylTvV7SjSHJb9ratfyzM6wCdLCOYLzs73qpg5c4iGA==",
      "requires": {
        "follow-redirects": "^1.10.0"
      },
      "dependencies": {
        "follow-redirects": {
          "version": "1.13.1",
          "resolved": "https://registry.npmjs.org/follow-redirects/-/follow-redirects-1.13.1.tgz",
          "integrity": "sha512-SSG5xmZh1mkPGyKzjZP8zLjltIfpW32Y5QpdNJyjcfGxK3qo3NDDkZOZSFiGn1A6SclQxY9GzEwAHQ3dmYRWpg=="
        }
      }
    },
    "convert-csv-to-json": {
      "version": "0.0.13",
      "resolved": "https://registry.npmjs.org/convert-csv-to-json/-/convert-csv-to-json-0.0.13.tgz",
      "integrity": "sha1-GvBJv3jOpnNXWFXYaiTyggf4nAg="
    },
    "materialize-css": {
      "version": "0.100.2",
      "resolved": "https://registry.npmjs.org/materialize-css/-/materialize-css-0.100.2.tgz",
      "integrity": "sha512-Bf4YeoJCIdk4dlpnmVX+DIOJBbqOKwfBPD+tT5bxwXNFMLk649CGbldqtnctkkfMp+fGgSAsdYu9lo1ZolZqgA=="
    },
    "papaparse": {
      "version": "4.3.7",
      "resolved": "https://registry.npmjs.org/papaparse/-/papaparse-4.3.7.tgz",
      "integrity": "sha1-7R5xgzINHgg53+n3GGGFz8UJe40="
    },
    "prop-types": {
      "version": "15.6.1",
      "resolved": "https://registry.npmjs.org/prop-types/-/prop-types-15.6.1.tgz",
      "integrity": "sha512-4ec7bY1Y66LymSUOH/zARVYObB23AT2h8cf6e/O6ZALB/N0sqZFEx7rq6EYPX2MkOdKORuooI/H5k9TlR4q7kQ=="
    },
    "react": {
      "version": "16.2.0",
      "resolved": "https://registry.npmjs.org/react/-/react-16.2.0.tgz",
      "integrity": "sha512-ZmIomM7EE1DvPEnSFAHZn9Vs9zJl5A9H7el0EGTE6ZbW9FKe/14IYAlPbC8iH25YarEQxZL+E8VW7Mi7kfQrDQ=="
    },
    "react-dom": {
      "version": "16.2.0",
      "resolved": "https://registry.npmjs.org/react-dom/-/react-dom-16.2.0.tgz",
      "integrity": "sha512-zpGAdwHVn9K0091d+hr+R0qrjoJ84cIBFL2uU60KvWBPfZ7LPSrfqviTxGHWN0sjPZb2hxWzMexwrvJdKePvjg=="
    },
    "react-dropzone": {
      "version": "4.2.8",
      "resolved": "https://registry.npmjs.org/react-dropzone/-/react-dropzone-4.2.8.tgz",
      "integrity": "sha512-L/q6ySfhdG9Md3P21jFumzlm92TxRT0FtYX6G793Nf8bt7Fzpwx6gJsPk0idV094koj/Y5vRpp0q9+e0bdsjxw=="
    },
    "react-file-reader": {
      "version": "1.1.4",
      "resolved": "https://registry.npmjs.org/react-file-reader/-/react-file-reader-1.1.4.tgz",
      "integrity": "sha512-xTeHFrDIopZpzk4aMZyILzIQbytQ6GCKR32/7kBDzO5lrAr1idbK5PkmpjP4wnT9s5F+TALviuhnWk8UeksddA=="
    },
    "react-icons": {
      "version": "2.2.7",
      "resolved": "https://registry.npmjs.org/react-icons/-/react-icons-2.2.7.tgz",
      "integrity": "sha512-0n4lcGqzJFcIQLoQytLdJCE0DKSA9dkwEZRYoGrIDJZFvIT6Hbajx5mv9geqhqFiNjUgtxg8kPyDfjlhymbGFg=="
    },
    "react-redux": {
      "version": "5.0.7",
      "resolved": "https://registry.npmjs.org/react-redux/-/react-redux-5.0.7.tgz",
      "integrity": "sha512-5VI8EV5hdgNgyjfmWzBbdrqUkrVRKlyTKk1sGH3jzM2M2Mhj/seQgPXaz6gVAj2lz/nz688AdTqMO18Lr24Zhg=="
    },
    "react-router-dom": {
      "version": "4.2.2",
      "resolved": "https://registry.npmjs.org/react-router-dom/-/react-router-dom-4.2.2.tgz",
      "integrity": "sha512-cHMFC1ZoLDfEaMFoKTjN7fry/oczMgRt5BKfMAkTu5zEuJvUiPp1J8d0eXSVTnBh6pxlbdqDhozunOOLtmKfPA=="
    },
    "react-scripts": {
      "version": "1.1.1",
      "resolved": "https://registry.npmjs.org/react-scripts/-/react-scripts-1.1.1.tgz",
      "integrity": "sha512-71Bkg8AH/66nhXKW5WpQatKw9xhVT9gdPsB8gb8F5AaO/VDIIUZR0duD6buMeQUg/cn5vkOa9ksy1rYKLUt8EQ==",
      "dependencies": {
        "promise": {
          "version": "8.0.1",
          "resolved": "https://registry.npmjs.org/promise/-/promise-8.0.1.tgz",
          "integrity": "sha1-5F1osAoXZHttpxG/he1u1HII9FA="
        }
      }
    },
    "redux": {
      "version": "3.7.2",
      "resolved": "https://registry.npmjs.org/redux/-/redux-3.7.2.tgz",
      "integrity": "sha512-pNqnf9q1hI5HHZRBkj3bAngGZW/JMCmexDlOxw4XagXY2o1327nHH54LoTjiPJ0gizoqPDRqWyX/00g0hD6w+A=="
    },
    "redux-form": {
      "version": "7.3.0",
      "resolved": "https://registry.npmjs.org/redux-form/-/redux-form-7.3.0.tgz",
      "integrity": "sha512-WcZRsRsVG25l8Cih3bEeeoZFxSIvoHqTpBRe5Ifl1ob7xvEpYLXyYYHAFER1DpTfMZPgTPHZ4UkR4ILFP3hzkw=="
    },
    "redux-thunk": {
      "version": "2.2.0",
      "resolved": "https://registry.npmjs.org/redux-thunk/-/redux-thunk-2.2.0.tgz",
      "integrity": "sha1-5hWhbha0ehmlFXZhM9Hj6Zt4UuU="
    }
  }
}
