{
  "name": "server",
  "version": "1.0.0",
  "lockfileVersion": 1,
  "requires": true,
  "dependencies": {
    "body-parser": {
      "version": "1.18.2",
      "resolved": "https://registry.npmjs.org/body-parser/-/body-parser-1.18.2.tgz",
      "integrity": "sha1-h2eKGdhLR9hZuDGZvVm84iKxBFQ="
    },
    "concurrently": {
      "version": "3.5.1",
      "resolved": "https://registry.npmjs.org/concurrently/-/concurrently-3.5.1.tgz",
      "integrity": "sha512-689HrwGw8Rbk1xtV9C4dY6TPJAvIYZbRbnKSAtfJ7tHqICFGoZ0PCWYjxfmerRyxBG0o3sbG3pe7N8vqPwIHuQ==",
      "dependencies": {
        "ansi-regex": {
          "version": "0.2.1",
          "resolved": "https://registry.npmjs.org/ansi-regex/-/ansi-regex-0.2.1.tgz",
          "integrity": "sha1-DY6UaWej2BQ/k+JOKYUl/BsiNfk="
        },
        "ansi-styles": {
          "version": "1.1.0",
          "resolved": "https://registry.npmjs.org/ansi-styles/-/ansi-styles-1.1.0.tgz",
          "integrity": "sha1-6uy/Zs1waIJ2Cy9GkVgrj1XXp94="
        },
        "chalk": {
          "version": "0.5.1",
          "resolved": "https://registry.npmjs.org/chalk/-/chalk-0.5.1.tgz",
          "integrity": "sha1-Zjs6ZItotV0EaQ1JFnqoN4WPIXQ=",
          "dependencies": {
            "supports-color": {
              "version": "0.2.0",
              "resolved": "https://registry.npmjs.org/supports-color/-/supports-color-0.2.0.tgz",
              "integrity": "sha1-2S3iaU6z9nMjlz1649i1W0wiGQo="
            }
          }
        },
        "has-flag": {
          "version": "1.0.0",
          "resolved": "https://registry.npmjs.org/has-flag/-/has-flag-1.0.0.tgz",
          "integrity": "sha1-nZ55MWXOAXoA8AQYxD+UKnsdEfo="
        },
        "strip-ansi": {
          "version": "0.3.0",
          "resolved": "https://registry.npmjs.org/strip-ansi/-/strip-ansi-0.3.0.tgz",
          "integrity": "sha1-JfSOoiynkYfzF0pNuHWTR7sSYiA="
        },
        "supports-color": {
          "version": "3.2.3",
          "resolved": "https://registry.npmjs.org/supports-color/-/supports-color-3.2.3.tgz",
          "integrity": "sha1-ZawFBLOVQXHYpklGsq48u4pfVPY="
        }
      }
    },
    "express": {
      "version": "4.16.2",
      "resolved": "https://registry.npmjs.org/express/-/express-4.16.2.tgz",
      "integrity": "sha1-41xt/i1kt9ygpc1PIXgb4ymeB2w="
    },
    "express-fileupload": {
      "version": "1.1.9",
      "resolved": "https://registry.npmjs.org/express-fileupload/-/express-fileupload-1.1.9.tgz",
      "integrity": "sha512-f2w0aoe7lj3NeD8a4MXmYQsqir3Z66I08l9AKq04QbFUAjeZNmPwTlR5Lx2NGwSu/PslsAjGC38MWzo5tTjoBg==",
      "requires": {
        "busboy": "^0.3.1"
      },
      "dependencies": {
        "busboy": {
          "version": "0.3.1",
          "resolved": "https://registry.npmjs.org/busboy/-/busboy-0.3.1.tgz",
          "integrity": "sha512-y7tTxhGKXcyBxRKAni+awqx8uqaJKrSFSNFSeRG5CsWNdmy2BIK+6VGWEW7TZnIO/533mtMEA4rOevQV815YJw==",
          "requires": {
            "dicer": "0.3.0"
          }
        },
        "dicer": {
          "version": "0.3.0",
          "resolved": "https://registry.npmjs.org/dicer/-/dicer-0.3.0.tgz",
          "integrity": "sha512-MdceRRWqltEG2dZqO769g27N/3PXfcKl04VhYnBlo2YhH7zPi88VebsjTKclaOyiuMaGU72hTfw3VkUitGcVCA==",
          "requires": {
            "streamsearch": "0.1.2"
          }
        }
      }
    },
    "fast-csv": {
      "version": "2.4.1",
      "resolved": "https://registry.npmjs.org/fast-csv/-/fast-csv-2.4.1.tgz",
      "integrity": "sha1-vX3SaDkfcpNntZRFuN0K0CaIGyY="
    },
    "mongoose": {
      "version": "5.0.7",
      "resolved": "https://registry.npmjs.org/mongoose/-/mongoose-5.0.7.tgz",
      "integrity": "sha512-8RRWQVpB5DsczI5CkQQXDqTF3MGBoG7jF8dXkgfNpGcfVZZpCjC88tSf2x2Zfz3ct5gVoIySyjVeZ5yCYnfL6A=="
    },
    "node": {
      "version": "8.1.1",
      "resolved": "https://registry.npmjs.org/node/-/node-8.1.1.tgz",
      "integrity": "sha512-lkAJ7niDDW0C/WpS8g1j7b1afsTygWsXH35o0lfYmnhlIBIhv2mzjOQNZ9sccyJVWCRqGAcHgGhPDx0t9UDmeQ=="
    },
    "nodemon": {
      "version": "1.15.1",
      "resolved": "https://registry.npmjs.org/nodemon/-/nodemon-1.15.1.tgz",
      "integrity": "sha512-zWNke/X74j3ljDRCXnhURTLJaCxew31ax4azoPQyRYAoUBqNIlZGaNpMcyi/A/ylkGKWFiUzf7HHFyA/cveTcQ==",
      "dependencies": {
        "debug": {
          "version": "3.1.0",
          "resolved": "https://registry.npmjs.org/debug/-/debug-3.1.0.tgz",
          "integrity": "sha512-OX8XqP7/1a9cqkxYw2yXss15f26NKWBpDXQd0/uK/KPqdQhxbPa994hnzjcE2VqQpDslf55723cKPUOGSmMY3g=="
        }
      }
    },
    "streamsearch": {
      "version": "0.1.2",
      "resolved": "https://registry.npmjs.org/streamsearch/-/streamsearch-0.1.2.tgz",
      "integrity": "sha1-gIudDlb8Jz2Am6VzOOkpkZoanxo="
    },
    "uuid": {
      "version": "3.2.1",
      "resolved": "https://registry.npmjs.org/uuid/-/uuid-3.2.1.tgz",
      "integrity": "sha512-jZnMwlb9Iku/O3smGWvZhauCf6cvvpKi4BKRiliS3cxnI+Gz9j5MEpTz2UFuXiKPJocb7gnsLHwiS05ige5BEA=="
    }
  }
}
